// !$*UTF8*$!
{
	archiveVersion = 1;
	classes = {
	};
	objectVersion = 60;
	objects = {

/* Begin PBXBuildFile section */
		A00000000000000000000101 /* CopiApp.swift in Sources */ = {isa = PBXBuildFile; fileRef = A00000000000000000001001 /* CopiApp.swift */; };
		A00000000000000000000102 /* SyncMode.swift in Sources */ = {isa = PBXBuildFile; fileRef = A00000000000000000001002 /* SyncMode.swift */; };
		A00000000000000000000103 /* ClientSettings.swift in Sources */ = {isa = PBXBuildFile; fileRef = A00000000000000000001003 /* ClientSettings.swift */; };
		A00000000000000000000104 /* CopiLogEvent.swift in Sources */ = {isa = PBXBuildFile; fileRef = A00000000000000000001004 /* CopiLogEvent.swift */; };
		A00000000000000000000105 /* ProcessStatus.swift in Sources */ = {isa = PBXBuildFile; fileRef = A00000000000000000001005 /* ProcessStatus.swift */; };
		A00000000000000000000106 /* SecretGenerator.swift in Sources */ = {isa = PBXBuildFile; fileRef = A00000000000000000001006 /* SecretGenerator.swift */; };
		A00000000000000000000107 /* CLIPathResolver.swift in Sources */ = {isa = PBXBuildFile; fileRef = A00000000000000000001007 /* CLIPathResolver.swift */; };
		A00000000000000000000108 /* SettingsStore.swift in Sources */ = {isa = PBXBuildFile; fileRef = A00000000000000000001008 /* SettingsStore.swift */; };
		A00000000000000000000109 /* CopiProcessController.swift in Sources */ = {isa = PBXBuildFile; fileRef = A00000000000000000001009 /* CopiProcessController.swift */; };
		A00000000000000000000113 /* SettingsView.swift in Sources */ = {isa = PBXBuildFile; fileRef = A00000000000000000001013 /* SettingsView.swift */; };
		A00000000000000000000115 /* LogsView.swift in Sources */ = {isa = PBXBuildFile; fileRef = A00000000000000000001015 /* LogsView.swift */; };
		A00000000000000000000116 /* Assets.xcassets in Resources */ = {isa = PBXBuildFile; fileRef = A00000000000000000001016 /* Assets.xcassets */; };
/* End PBXBuildFile section */

/* Begin PBXFileReference section */
		A00000000000000000001001 /* CopiApp.swift */ = {isa = PBXFileReference; lastKnownFileType = sourcecode.swift; path = CopiApp.swift; sourceTree = "<group>"; };
		A00000000000000000001002 /* SyncMode.swift */ = {isa = PBXFileReference; lastKnownFileType = sourcecode.swift; path = SyncMode.swift; sourceTree = "<group>"; };
		A00000000000000000001003 /* ClientSettings.swift */ = {isa = PBXFileReference; lastKnownFileType = sourcecode.swift; path = ClientSettings.swift; sourceTree = "<group>"; };
		A00000000000000000001004 /* CopiLogEvent.swift */ = {isa = PBXFileReference; lastKnownFileType = sourcecode.swift; path = CopiLogEvent.swift; sourceTree = "<group>"; };
		A00000000000000000001005 /* ProcessStatus.swift */ = {isa = PBXFileReference; lastKnownFileType = sourcecode.swift; path = ProcessStatus.swift; sourceTree = "<group>"; };
		A00000000000000000001006 /* SecretGenerator.swift */ = {isa = PBXFileReference; lastKnownFileType = sourcecode.swift; path = SecretGenerator.swift; sourceTree = "<group>"; };
		A00000000000000000001007 /* CLIPathResolver.swift */ = {isa = PBXFileReference; lastKnownFileType = sourcecode.swift; path = CLIPathResolver.swift; sourceTree = "<group>"; };
		A00000000000000000001008 /* SettingsStore.swift */ = {isa = PBXFileReference; lastKnownFileType = sourcecode.swift; path = SettingsStore.swift; sourceTree = "<group>"; };
		A00000000000000000001009 /* CopiProcessController.swift */ = {isa = PBXFileReference; lastKnownFileType = sourcecode.swift; path = CopiProcessController.swift; sourceTree = "<group>"; };
		A00000000000000000001013 /* SettingsView.swift */ = {isa = PBXFileReference; lastKnownFileType = sourcecode.swift; path = SettingsView.swift; sourceTree = "<group>"; };
		A00000000000000000001015 /* LogsView.swift */ = {isa = PBXFileReference; lastKnownFileType = sourcecode.swift; path = LogsView.swift; sourceTree = "<group>"; };
		A00000000000000000001016 /* Assets.xcassets */ = {isa = PBXFileReference; lastKnownFileType = folder.assetcatalog; path = Assets.xcassets; sourceTree = "<group>"; };
		A00000000000000000001017 /* Copi.app */ = {isa = PBXFileReference; explicitFileType = wrapper.application; includeInIndex = 0; path = Copi.app; sourceTree = BUILT_PRODUCTS_DIR; };
/* End PBXFileReference section */

/* Begin PBXFrameworksBuildPhase section */
		A00000000000000000000032 /* Frameworks */ = {
			isa = PBXFrameworksBuildPhase;
			buildActionMask = 2147483647;
			files = (
			);
			runOnlyForDeploymentPostprocessing = 0;
		};
/* End PBXFrameworksBuildPhase section */

/* Begin PBXGroup section */
		A00000000000000000000001 = {
			isa = PBXGroup;
			children = (
				A00000000000000000000002 /* Copi */,
				A00000000000000000000003 /* Products */,
			);
			sourceTree = "<group>";
		};
		A00000000000000000000002 /* Copi */ = {
			isa = PBXGroup;
			children = (
				A00000000000000000000011 /* App */,
				A00000000000000000000012 /* Models */,
				A00000000000000000000013 /* Stores */,
				A00000000000000000000014 /* Services */,
				A00000000000000000000015 /* Support */,
				A00000000000000000000016 /* Views */,
				A00000000000000000000017 /* Resources */,
			);
			path = Copi;
			sourceTree = "<group>";
		};
		A00000000000000000000003 /* Products */ = {
			isa = PBXGroup;
			children = (
				A00000000000000000001017 /* Copi.app */,
			);
			name = Products;
			sourceTree = "<group>";
		};
		A00000000000000000000011 /* App */ = {
			isa = PBXGroup;
			children = (
				A00000000000000000001001 /* CopiApp.swift */,
			);
			path = App;
			sourceTree = "<group>";
		};
		A00000000000000000000012 /* Models */ = {
			isa = PBXGroup;
			children = (
				A00000000000000000001003 /* ClientSettings.swift */,
				A00000000000000000001004 /* CopiLogEvent.swift */,
				A00000000000000000001005 /* ProcessStatus.swift */,
				A00000000000000000001002 /* SyncMode.swift */,
			);
			path = Models;
			sourceTree = "<group>";
		};
		A00000000000000000000013 /* Stores */ = {
			isa = PBXGroup;
			children = (
				A00000000000000000001008 /* SettingsStore.swift */,
			);
			path = Stores;
			sourceTree = "<group>";
		};
		A00000000000000000000014 /* Services */ = {
			isa = PBXGroup;
			children = (
				A00000000000000000001009 /* CopiProcessController.swift */,
			);
			path = Services;
			sourceTree = "<group>";
		};
		A00000000000000000000015 /* Support */ = {
			isa = PBXGroup;
			children = (
				A00000000000000000001007 /* CLIPathResolver.swift */,
				A00000000000000000001006 /* SecretGenerator.swift */,
			);
			path = Support;
			sourceTree = "<group>";
		};
		A00000000000000000000016 /* Views */ = {
			isa = PBXGroup;
			children = (
				A00000000000000000001015 /* LogsView.swift */,
				A00000000000000000001013 /* SettingsView.swift */,
			);
			path = Views;
			sourceTree = "<group>";
		};
		A00000000000000000000017 /* Resources */ = {
			isa = PBXGroup;
			children = (
				A00000000000000000001016 /* Assets.xcassets */,
			);
			path = Resources;
			sourceTree = "<group>";
		};
/* End PBXGroup section */

/* Begin PBXNativeTarget section */
		A00000000000000000000040 /* Copi */ = {
			isa = PBXNativeTarget;
			buildConfigurationList = A00000000000000000000071 /* Build configuration list for PBXNativeTarget "Copi" */;
			buildPhases = (
				A00000000000000000000030 /* Sources */,
				A00000000000000000000032 /* Frameworks */,
				A00000000000000000000031 /* Resources */,
				A00000000000000000000033 /* Build Go CLI */,
			);
			buildRules = (
			);
			dependencies = (
			);
			name = Copi;
			productName = Copi;
			productReference = A00000000000000000001017 /* Copi.app */;
			productType = "com.apple.product-type.application";
		};
/* End PBXNativeTarget section */

/* Begin PBXProject section */
		A00000000000000000000050 /* Project object */ = {
			isa = PBXProject;
			attributes = {
				BuildIndependentTargetsInParallel = 1;
				LastSwiftUpdateCheck = 1600;
				LastUpgradeCheck = 1600;
				TargetAttributes = {
					A00000000000000000000040 = {
						CreatedOnToolsVersion = 16.0;
					};
				};
			};
			buildConfigurationList = A00000000000000000000070 /* Build configuration list for PBXProject "Copi" */;
			compatibilityVersion = "Xcode 15.0";
			developmentRegion = en;
			hasScannedForEncodings = 0;
			knownRegions = (
				en,
				Base,
				zh-Hans,
			);
			mainGroup = A00000000000000000000001;
			productRefGroup = A00000000000000000000003 /* Products */;
			projectDirPath = "";
			projectRoot = "";
			targets = (
				A00000000000000000000040 /* Copi */,
			);
		};
/* End PBXProject section */

/* Begin PBXResourcesBuildPhase section */
		A00000000000000000000031 /* Resources */ = {
			isa = PBXResourcesBuildPhase;
			buildActionMask = 2147483647;
			files = (
				A00000000000000000000116 /* Assets.xcassets in Resources */,
			);
			runOnlyForDeploymentPostprocessing = 0;
		};
/* End PBXResourcesBuildPhase section */

/* Begin PBXShellScriptBuildPhase section */
		A00000000000000000000033 /* Build Go CLI */ = {
			isa = PBXShellScriptBuildPhase;
			alwaysOutOfDate = 1;
			buildActionMask = 2147483647;
			files = (
			);
			inputFileListPaths = (
			);
			inputPaths = (
			);
			name = "Build Go CLI";
			outputFileListPaths = (
			);
			outputPaths = (
				"$(TARGET_BUILD_DIR)/$(UNLOCALIZED_RESOURCES_FOLDER_PATH)/copi",
			);
			runOnlyForDeploymentPostprocessing = 0;
			shellPath = /bin/bash;
			shellScript = "set -euo pipefail\nexport PATH=\"/opt/homebrew/bin:/usr/local/go/bin:/usr/local/bin:/usr/bin:/bin:/usr/sbin:/sbin:$PATH\"\nREPO_ROOT=\"${SRCROOT}/../..\"\nCLI_OUT=\"${TARGET_BUILD_DIR}/${UNLOCALIZED_RESOURCES_FOLDER_PATH}/copi\"\nGO_BIN=\"$(command -v go || true)\"\nif [ -z \"$GO_BIN\" ]; then\n  echo \"error: go was not found. Install Go or add it to Xcode's PATH.\" >&2\n  echo \"checked PATH=$PATH\" >&2\n  exit 1\nfi\necho \"Using Go: $GO_BIN\"\n\"$GO_BIN\" version\nmkdir -p \"$(dirname \"$CLI_OUT\")\"\ncd \"$REPO_ROOT\"\n\"$GO_BIN\" build -o \"$CLI_OUT\" ./cmd/copi\nchmod +x \"$CLI_OUT\"\n";
		};
/* End PBXShellScriptBuildPhase section */

/* Begin PBXSourcesBuildPhase section */
		A00000000000000000000030 /* Sources */ = {
			isa = PBXSourcesBuildPhase;
			buildActionMask = 2147483647;
			files = (
				A00000000000000000000101 /* CopiApp.swift in Sources */,
				A00000000000000000000103 /* ClientSettings.swift in Sources */,
				A00000000000000000000104 /* CopiLogEvent.swift in Sources */,
				A00000000000000000000109 /* CopiProcessController.swift in Sources */,
				A00000000000000000000107 /* CLIPathResolver.swift in Sources */,
				A00000000000000000000105 /* ProcessStatus.swift in Sources */,
				A00000000000000000000106 /* SecretGenerator.swift in Sources */,
				A00000000000000000000113 /* SettingsView.swift in Sources */,
				A00000000000000000000115 /* LogsView.swift in Sources */,
				A00000000000000000000108 /* SettingsStore.swift in Sources */,
				A00000000000000000000102 /* SyncMode.swift in Sources */,
			);
			runOnlyForDeploymentPostprocessing = 0;
		};
/* End PBXSourcesBuildPhase section */

/* Begin XCBuildConfiguration section */
		A00000000000000000000060 /* Debug */ = {
			isa = XCBuildConfiguration;
			buildSettings = {
				ALWAYS_SEARCH_USER_PATHS = NO;
				CLANG_ANALYZER_NONNULL = YES;
				CLANG_ANALYZER_NUMBER_OBJECT_CONVERSION = YES_AGGRESSIVE;
				CLANG_CXX_LANGUAGE_STANDARD = "gnu++20";
				CLANG_ENABLE_MODULES = YES;
				CLANG_ENABLE_OBJC_ARC = YES;
				CLANG_ENABLE_OBJC_WEAK = YES;
				CLANG_WARN_BLOCK_CAPTURE_AUTORELEASING = YES;
				CLANG_WARN_BOOL_CONVERSION = YES;
				CLANG_WARN_COMMA = YES;
				CLANG_WARN_CONSTANT_CONVERSION = YES;
				CLANG_WARN_DEPRECATED_OBJC_IMPLEMENTATIONS = YES;
				CLANG_WARN_DIRECT_OBJC_ISA_USAGE = YES_ERROR;
				CLANG_WARN_DOCUMENTATION_COMMENTS = YES;
				CLANG_WARN_EMPTY_BODY = YES;
				CLANG_WARN_ENUM_CONVERSION = YES;
				CLANG_WARN_INFINITE_RECURSION = YES;
				CLANG_WARN_INT_CONVERSION = YES;
				CLANG_WARN_NON_LITERAL_NULL_CONVERSION = YES;
				CLANG_WARN_OBJC_IMPLICIT_RETAIN_SELF = YES;
				CLANG_WARN_OBJC_LITERAL_CONVERSION = YES;
				CLANG_WARN_OBJC_ROOT_CLASS = YES_ERROR;
				CLANG_WARN_QUOTED_INCLUDE_IN_FRAMEWORK_HEADER = YES;
				CLANG_WARN_RANGE_LOOP_ANALYSIS = YES;
				CLANG_WARN_STRICT_PROTOTYPES = YES;
				CLANG_WARN_SUSPICIOUS_MOVE = YES;
				CLANG_WARN_UNGUARDED_AVAILABILITY = YES_AGGRESSIVE;
				CLANG_WARN_UNREACHABLE_CODE = YES;
				CLANG_WARN__DUPLICATE_METHOD_MATCH = YES;
				COPY_PHASE_STRIP = NO;
				DEBUG_INFORMATION_FORMAT = dwarf;
				ENABLE_STRICT_OBJC_MSGSEND = YES;
				ENABLE_TESTABILITY = YES;
				GCC_C_LANGUAGE_STANDARD = gnu17;
				GCC_DYNAMIC_NO_PIC = NO;
				GCC_NO_COMMON_BLOCKS = YES;
				GCC_OPTIMIZATION_LEVEL = 0;
				GCC_PREPROCESSOR_DEFINITIONS = (
					"DEBUG=1",
					"$(inherited)",
				);
				GCC_WARN_64_TO_32_BIT_CONVERSION = YES;
				GCC_WARN_ABOUT_RETURN_TYPE = YES_ERROR;
				GCC_WARN_UNDECLARED_SELECTOR = YES;
				GCC_WARN_UNINITIALIZED_AUTOS = YES_AGGRESSIVE;
				GCC_WARN_UNUSED_FUNCTION = YES;
				GCC_WARN_UNUSED_VARIABLE = YES;
				MACOSX_DEPLOYMENT_TARGET = 14.0;
				MTL_ENABLE_DEBUG_INFO = INCLUDE_SOURCE;
				MTL_FAST_MATH = YES;
				ONLY_ACTIVE_ARCH = YES;
				SDKROOT = macosx;
				SWIFT_ACTIVE_COMPILATION_CONDITIONS = DEBUG;
				SWIFT_OPTIMIZATION_LEVEL = "-Onone";
			};
			name = Debug;
		};
		A00000000000000000000061 /* Release */ = {
			isa = XCBuildConfiguration;
			buildSettings = {
				ALWAYS_SEARCH_USER_PATHS = NO;
				CLANG_ANALYZER_NONNULL = YES;
				CLANG_ANALYZER_NUMBER_OBJECT_CONVERSION = YES_AGGRESSIVE;
				CLANG_CXX_LANGUAGE_STANDARD = "gnu++20";
				CLANG_ENABLE_MODULES = YES;
				CLANG_ENABLE_OBJC_ARC = YES;
				CLANG_ENABLE_OBJC_WEAK = YES;
				CLANG_WARN_BLOCK_CAPTURE_AUTORELEASING = YES;
				CLANG_WARN_BOOL_CONVERSION = YES;
				CLANG_WARN_COMMA = YES;
				CLANG_WARN_CONSTANT_CONVERSION = YES;
				CLANG_WARN_DEPRECATED_OBJC_IMPLEMENTATIONS = YES;
				CLANG_WARN_DIRECT_OBJC_ISA_USAGE = YES_ERROR;
				CLANG_WARN_DOCUMENTATION_COMMENTS = YES;
				CLANG_WARN_EMPTY_BODY = YES;
				CLANG_WARN_ENUM_CONVERSION = YES;
				CLANG_WARN_INFINITE_RECURSION = YES;
				CLANG_WARN_INT_CONVERSION = YES;
				CLANG_WARN_NON_LITERAL_NULL_CONVERSION = YES;
				CLANG_WARN_OBJC_IMPLICIT_RETAIN_SELF = YES;
				CLANG_WARN_OBJC_LITERAL_CONVERSION = YES;
				CLANG_WARN_OBJC_ROOT_CLASS = YES_ERROR;
				CLANG_WARN_QUOTED_INCLUDE_IN_FRAMEWORK_HEADER = YES;
				CLANG_WARN_RANGE_LOOP_ANALYSIS = YES;
				CLANG_WARN_STRICT_PROTOTYPES = YES;
				CLANG_WARN_SUSPICIOUS_MOVE = YES;
				CLANG_WARN_UNGUARDED_AVAILABILITY = YES_AGGRESSIVE;
				CLANG_WARN_UNREACHABLE_CODE = YES;
				CLANG_WARN__DUPLICATE_METHOD_MATCH = YES;
				COPY_PHASE_STRIP = NO;
				DEBUG_INFORMATION_FORMAT = "dwarf-with-dsym";
				ENABLE_NS_ASSERTIONS = NO;
				ENABLE_STRICT_OBJC_MSGSEND = YES;
				GCC_C_LANGUAGE_STANDARD = gnu17;
				GCC_NO_COMMON_BLOCKS = YES;
				GCC_WARN_64_TO_32_BIT_CONVERSION = YES;
				GCC_WARN_ABOUT_RETURN_TYPE = YES_ERROR;
				GCC_WARN_UNDECLARED_SELECTOR = YES;
				GCC_WARN_UNINITIALIZED_AUTOS = YES_AGGRESSIVE;
				GCC_WARN_UNUSED_FUNCTION = YES;
				GCC_WARN_UNUSED_VARIABLE = YES;
				MACOSX_DEPLOYMENT_TARGET = 14.0;
				MTL_ENABLE_DEBUG_INFO = NO;
				MTL_FAST_MATH = YES;
				SDKROOT = macosx;
				SWIFT_COMPILATION_MODE = wholemodule;
				SWIFT_OPTIMIZATION_LEVEL = "-O";
			};
			name = Release;
		};
		A00000000000000000000062 /* Debug */ = {
			isa = XCBuildConfiguration;
			buildSettings = {
				ASSETCATALOG_COMPILER_APPICON_NAME = AppIcon;
				CODE_SIGN_IDENTITY = "-";
				CODE_SIGN_STYLE = Manual;
				COMBINE_HIDPI_IMAGES = YES;
				CURRENT_PROJECT_VERSION = 1;
				ENABLE_HARDENED_RUNTIME = YES;
				ENABLE_USER_SCRIPT_SANDBOXING = NO;
				GENERATE_INFOPLIST_FILE = YES;
				INFOPLIST_KEY_CFBundleDisplayName = Copi;
				INFOPLIST_KEY_LSApplicationCategoryType = "public.app-category.productivity";
				INFOPLIST_KEY_LSUIElement = YES;
				INFOPLIST_KEY_NSHumanReadableCopyright = "";
				LD_RUNPATH_SEARCH_PATHS = (
					"$(inherited)",
					"@executable_path/../Frameworks",
				);
				MARKETING_VERSION = 0.1.0;
				PRODUCT_BUNDLE_IDENTIFIER = com.cyole.copi;
				PRODUCT_NAME = "$(TARGET_NAME)";
				SUPPORTED_PLATFORMS = macosx;
				SUPPORTS_MACCATALYST = NO;
				SUPPORTS_MAC_DESIGNED_FOR_IPHONE_IPAD = NO;
				SWIFT_EMIT_LOC_STRINGS = YES;
				SWIFT_VERSION = 5.0;
			};
			name = Debug;
		};
		A00000000000000000000063 /* Release */ = {
			isa = XCBuildConfiguration;
			buildSettings = {
				ASSETCATALOG_COMPILER_APPICON_NAME = AppIcon;
				CODE_SIGN_IDENTITY = "-";
				CODE_SIGN_STYLE = Manual;
				COMBINE_HIDPI_IMAGES = YES;
				CURRENT_PROJECT_VERSION = 1;
				ENABLE_HARDENED_RUNTIME = YES;
				ENABLE_USER_SCRIPT_SANDBOXING = NO;
				GENERATE_INFOPLIST_FILE = YES;
				INFOPLIST_KEY_CFBundleDisplayName = Copi;
				INFOPLIST_KEY_LSApplicationCategoryType = "public.app-category.productivity";
				INFOPLIST_KEY_LSUIElement = YES;
				INFOPLIST_KEY_NSHumanReadableCopyright = "";
				LD_RUNPATH_SEARCH_PATHS = (
					"$(inherited)",
					"@executable_path/../Frameworks",
				);
				MARKETING_VERSION = 0.1.0;
				PRODUCT_BUNDLE_IDENTIFIER = com.cyole.copi;
				PRODUCT_NAME = "$(TARGET_NAME)";
				SUPPORTED_PLATFORMS = macosx;
				SUPPORTS_MACCATALYST = NO;
				SUPPORTS_MAC_DESIGNED_FOR_IPHONE_IPAD = NO;
				SWIFT_EMIT_LOC_STRINGS = YES;
				SWIFT_VERSION = 5.0;
			};
			name = Release;
		};
/* End XCBuildConfiguration section */

/* Begin XCConfigurationList section */
		A00000000000000000000070 /* Build configuration list for PBXProject "Copi" */ = {
			isa = XCConfigurationList;
			buildConfigurations = (
				A00000000000000000000060 /* Debug */,
				A00000000000000000000061 /* Release */,
			);
			defaultConfigurationIsVisible = 0;
			defaultConfigurationName = Release;
		};
		A00000000000000000000071 /* Build configuration list for PBXNativeTarget "Copi" */ = {
			isa = XCConfigurationList;
			buildConfigurations = (
				A00000000000000000000062 /* Debug */,
				A00000000000000000000063 /* Release */,
			);
			defaultConfigurationIsVisible = 0;
			defaultConfigurationName = Release;
		};
/* End XCConfigurationList section */
	};
	rootObject = A00000000000000000000050 /* Project object */;
}
